
Microsoft Visual Studio Solution File, Format Version 11.00
# Visual Studio 2010
Project("{FAE04EC0-301F-11D3-BF4B-00C04F79EFBC}") = "RoundTripVSIX", "RoundTripVSIX.csproj", "{8376EF31-7AA5-4571-96E5-7C0C06F1CD5F}"
EndProject
Global
	GlobalSection(SolutionConfigurationPlatforms) = preSolution
		Debug|Any CPU = Debug|Any CPU
		Release|Any CPU = Release|Any CPU
	EndGlobalSection
	GlobalSection(ProjectConfigurationPlatforms) = postSolution
		{8376EF31-7AA5-4571-96E5-7C0C06F1CD5F}.Debug|Any CPU.ActiveCfg = Debug|Any CPU
		{8376EF31-7AA5-4571-96E5-7C0C06F1CD5F}.Debug|Any CPU.Build.0 = Debug|Any CPU
		{8376EF31-7AA5-4571-96E5-7C0C06F1CD5F}.Release|Any CPU.ActiveCfg = Release|Any CPU
		{8376EF31-7AA5-4571-96E5-7C0C06F1CD5F}.Release|Any CPU.Build.0 = Release|Any CPU
	EndGlobalSection
	GlobalSection(SolutionProperties) = preSolution
		HideSolutionNode = FALSE
	EndGlobalSection
EndGlobal
